# This file is automatically @generated by Cargo.
# It is not intended for manual editing.
version = 4

[[package]]
name = "rmd-cli"
version = "0.0.1"
dependencies = [
 "rmd-core",
 "rmd-llm",
 "rmd-mcp",
]

[[package]]
name = "rmd-core"
version = "0.0.1"

[[package]]
name = "rmd-llm"
version = "0.0.1"
dependencies = [
 "rmd-core",
]

[[package]]
name = "rmd-mcp"
version = "0.0.1"
dependencies = [
 "rmd-core",
 "rmd-llm",
]
